
Microsoft Visual Studio Solution File, Format Version 12.00
# Visual Studio Version 17
VisualStudioVersion = 17.11.35222.181
MinimumVisualStudioVersion = 10.0.40219.1
Project("{FAE04EC0-301F-11D3-BF4B-00C04F79EFBC}") = "BestDevOps", "BestDevOps.csproj", "{ED23FBF4-7A17-4A48-8CF0-A244D335C92B}"
EndProject
Global
	GlobalSection(SolutionConfigurationPlatforms) = preSolution
		Debug|Any CPU = Debug|Any CPU
		Release|Any CPU = Release|Any CPU
	EndGlobalSection
	GlobalSection(ProjectConfigurationPlatforms) = postSolution
		{ED23FBF4-7A17-4A48-8CF0-A244D335C92B}.Debug|Any CPU.ActiveCfg = Debug|Any CPU
		{ED23FBF4-7A17-4A48-8CF0-A244D335C92B}.Debug|Any CPU.Build.0 = Debug|Any CPU
		{ED23FBF4-7A17-4A48-8CF0-A244D335C92B}.Release|Any CPU.ActiveCfg = Release|Any CPU
		{ED23FBF4-7A17-4A48-8CF0-A244D335C92B}.Release|Any CPU.Build.0 = Release|Any CPU
	EndGlobalSection
	GlobalSection(SolutionProperties) = preSolution
		HideSolutionNode = FALSE
	EndGlobalSection
	GlobalSection(ExtensibilityGlobals) = postSolution
		SolutionGuid = {67589012-D04A-47E5-84D5-616437FFFF0F}
	EndGlobalSection
EndGlobal
